// !$*UTF8*$!
{
	archiveVersion = 1;
	classes = {
	};
	objectVersion = 77;
	objects = {

/* Begin PBXBuildFile section */
		0A3160592DFE20BF00D3FA9D /* Lottie in Frameworks */ = {isa = PBXBuildFile; productRef = 0A3160582DFE20BF00D3FA9D /* Lottie */; };
		7C672E622E0183CB00A0F37C /* CropViewController in Frameworks */ = {isa = PBXBuildFile; productRef = 7C672E612E0183CB00A0F37C /* CropViewController */; };
		7C672E642E0183CB00A0F37C /* TOCropViewController in Frameworks */ = {isa = PBXBuildFile; productRef = 7C672E632E0183CB00A0F37C /* TOCropViewController */; };
		95DFCF0A2DFAB97B0076D2B2 /* Reachability in Frameworks */ = {isa = PBXBuildFile; productRef = 95DFCF092DFAB97B0076D2B2 /* Reachability */; };
		95DFCF0D2DFAB9880076D2B2 /* KeychainAccess in Frameworks */ = {isa = PBXBuildFile; productRef = 95DFCF0C2DFAB9880076D2B2 /* KeychainAccess */; };
		95DFCF102DFAB9D40076D2B2 /* Adapty in Frameworks */ = {isa = PBXBuildFile; productRef = 95DFCF0F2DFAB9D40076D2B2 /* Adapty */; };
		95DFCF132DFABA150076D2B2 /* FirebaseCore in Frameworks */ = {isa = PBXBuildFile; productRef = 95DFCF122DFABA150076D2B2 /* FirebaseCore */; };
		95DFCF152DFABA150076D2B2 /* FirebaseRemoteConfig in Frameworks */ = {isa = PBXBuildFile; productRef = 95DFCF142DFABA150076D2B2 /* FirebaseRemoteConfig */; };
/* End PBXBuildFile section */

/* Begin PBXFileReference section */
		7C7A6FC62DEEDE2300127AEC /* Invoice maker.app */ = {isa = PBXFileReference; explicitFileType = wrapper.application; includeInIndex = 0; path = "Invoice maker.app"; sourceTree = BUILT_PRODUCTS_DIR; };
/* End PBXFileReference section */

/* Begin PBXFileSystemSynchronizedBuildFileExceptionSet section */
		0A7A5C8E2DF8614B0027B5A4 /* Exceptions for "Invoice maker" folder in "Invoice maker" target */ = {
			isa = PBXFileSystemSynchronizedBuildFileExceptionSet;
			membershipExceptions = (
				App/Resources/Plists/Info.plist,
			);
			target = 7C7A6FC52DEEDE2300127AEC /* Invoice maker */;
		};
/* End PBXFileSystemSynchronizedBuildFileExceptionSet section */

/* Begin PBXFileSystemSynchronizedRootGroup section */
		7C7A6FC82DEEDE2300127AEC /* Invoice maker */ = {
			isa = PBXFileSystemSynchronizedRootGroup;
			exceptions = (
				0A7A5C8E2DF8614B0027B5A4 /* Exceptions for "Invoice maker" folder in "Invoice maker" target */,
			);
			path = "Invoice maker";
			sourceTree = "<group>";
		};
/* End PBXFileSystemSynchronizedRootGroup section */

/* Begin PBXFrameworksBuildPhase section */
		7C7A6FC32DEEDE2300127AEC /* Frameworks */ = {
			isa = PBXFrameworksBuildPhase;
			buildActionMask = 2147483647;
			files = (
				95DFCF0D2DFAB9880076D2B2 /* KeychainAccess in Frameworks */,
				95DFCF0A2DFAB97B0076D2B2 /* Reachability in Frameworks */,
				7C672E642E0183CB00A0F37C /* TOCropViewController in Frameworks */,
				95DFCF132DFABA150076D2B2 /* FirebaseCore in Frameworks */,
				95DFCF102DFAB9D40076D2B2 /* Adapty in Frameworks */,
				95DFCF152DFABA150076D2B2 /* FirebaseRemoteConfig in Frameworks */,
				0A3160592DFE20BF00D3FA9D /* Lottie in Frameworks */,
				7C672E622E0183CB00A0F37C /* CropViewController in Frameworks */,
			);
			runOnlyForDeploymentPostprocessing = 0;
		};
/* End PBXFrameworksBuildPhase section */

/* Begin PBXGroup section */
		7C7A6FBD2DEEDE2200127AEC = {
			isa = PBXGroup;
			children = (
				7C7A6FC82DEEDE2300127AEC /* Invoice maker */,
				7C7A6FC72DEEDE2300127AEC /* Products */,
			);
			sourceTree = "<group>";
		};
		7C7A6FC72DEEDE2300127AEC /* Products */ = {
			isa = PBXGroup;
			children = (
				7C7A6FC62DEEDE2300127AEC /* Invoice maker.app */,
			);
			name = Products;
			sourceTree = "<group>";
		};
/* End PBXGroup section */

/* Begin PBXNativeTarget section */
		7C7A6FC52DEEDE2300127AEC /* Invoice maker */ = {
			isa = PBXNativeTarget;
			buildConfigurationList = 7C7A6FD22DEEDE2300127AEC /* Build configuration list for PBXNativeTarget "Invoice maker" */;
			buildPhases = (
				7C7A6FC22DEEDE2300127AEC /* Sources */,
				7C7A6FC32DEEDE2300127AEC /* Frameworks */,
				7C7A6FC42DEEDE2300127AEC /* Resources */,
			);
			buildRules = (
			);
			dependencies = (
			);
			fileSystemSynchronizedGroups = (
				7C7A6FC82DEEDE2300127AEC /* Invoice maker */,
			);
			name = "Invoice maker";
			packageProductDependencies = (
				95DFCF092DFAB97B0076D2B2 /* Reachability */,
				95DFCF0C2DFAB9880076D2B2 /* KeychainAccess */,
				95DFCF0F2DFAB9D40076D2B2 /* Adapty */,
				95DFCF122DFABA150076D2B2 /* FirebaseCore */,
				95DFCF142DFABA150076D2B2 /* FirebaseRemoteConfig */,
				0A3160582DFE20BF00D3FA9D /* Lottie */,
				7C672E612E0183CB00A0F37C /* CropViewController */,
				7C672E632E0183CB00A0F37C /* TOCropViewController */,
			);
			productName = "Invoice maker";
			productReference = 7C7A6FC62DEEDE2300127AEC /* Invoice maker.app */;
			productType = "com.apple.product-type.application";
		};
/* End PBXNativeTarget section */

/* Begin PBXProject section */
		7C7A6FBE2DEEDE2200127AEC /* Project object */ = {
			isa = PBXProject;
			attributes = {
				BuildIndependentTargetsInParallel = 1;
				LastSwiftUpdateCheck = 1630;
				LastUpgradeCheck = 1630;
				TargetAttributes = {
					7C7A6FC52DEEDE2300127AEC = {
						CreatedOnToolsVersion = 16.3;
					};
				};
			};
			buildConfigurationList = 7C7A6FC12DEEDE2200127AEC /* Build configuration list for PBXProject "Invoice maker" */;
			developmentRegion = en;
			hasScannedForEncodings = 0;
			knownRegions = (
				en,
				Base,
			);
			mainGroup = 7C7A6FBD2DEEDE2200127AEC;
			minimizedProjectReferenceProxies = 1;
			packageReferences = (
				95DFCF082DFAB97B0076D2B2 /* XCRemoteSwiftPackageReference "Reachability" */,
				95DFCF0B2DFAB9880076D2B2 /* XCRemoteSwiftPackageReference "KeychainAccess" */,
				95DFCF0E2DFAB9D40076D2B2 /* XCRemoteSwiftPackageReference "AdaptySDK-iOS" */,
				95DFCF112DFABA150076D2B2 /* XCRemoteSwiftPackageReference "firebase-ios-sdk" */,
				0A3160572DFE20BF00D3FA9D /* XCRemoteSwiftPackageReference "lottie-ios" */,
				7C672E602E0183CB00A0F37C /* XCRemoteSwiftPackageReference "TOCropViewController" */,
			);
			preferredProjectObjectVersion = 77;
			productRefGroup = 7C7A6FC72DEEDE2300127AEC /* Products */;
			projectDirPath = "";
			projectRoot = "";
			targets = (
				7C7A6FC52DEEDE2300127AEC /* Invoice maker */,
			);
		};
/* End PBXProject section */

/* Begin PBXResourcesBuildPhase section */
		7C7A6FC42DEEDE2300127AEC /* Resources */ = {
			isa = PBXResourcesBuildPhase;
			buildActionMask = 2147483647;
			files = (
			);
			runOnlyForDeploymentPostprocessing = 0;
		};
/* End PBXResourcesBuildPhase section */

/* Begin PBXSourcesBuildPhase section */
		7C7A6FC22DEEDE2300127AEC /* Sources */ = {
			isa = PBXSourcesBuildPhase;
			buildActionMask = 2147483647;
			files = (
			);
			runOnlyForDeploymentPostprocessing = 0;
		};
/* End PBXSourcesBuildPhase section */

/* Begin XCBuildConfiguration section */
		7C7A6FD02DEEDE2300127AEC /* Debug */ = {
			isa = XCBuildConfiguration;
			buildSettings = {
				ALWAYS_SEARCH_USER_PATHS = NO;
				ASSETCATALOG_COMPILER_GENERATE_SWIFT_ASSET_SYMBOL_EXTENSIONS = YES;
				CLANG_ANALYZER_NONNULL = YES;
				CLANG_ANALYZER_NUMBER_OBJECT_CONVERSION = YES_AGGRESSIVE;
				CLANG_CXX_LANGUAGE_STANDARD = "gnu++20";
				CLANG_ENABLE_MODULES = YES;
				CLANG_ENABLE_OBJC_ARC = YES;
				CLANG_ENABLE_OBJC_WEAK = YES;
				CLANG_WARN_BLOCK_CAPTURE_AUTORELEASING = YES;
				CLANG_WARN_BOOL_CONVERSION = YES;
				CLANG_WARN_COMMA = YES;
				CLANG_WARN_CONSTANT_CONVERSION = YES;
				CLANG_WARN_DEPRECATED_OBJC_IMPLEMENTATIONS = YES;
				CLANG_WARN_DIRECT_OBJC_ISA_USAGE = YES_ERROR;
				CLANG_WARN_DOCUMENTATION_COMMENTS = YES;
				CLANG_WARN_EMPTY_BODY = YES;
				CLANG_WARN_ENUM_CONVERSION = YES;
				CLANG_WARN_INFINITE_RECURSION = YES;
				CLANG_WARN_INT_CONVERSION = YES;
				CLANG_WARN_NON_LITERAL_NULL_CONVERSION = YES;
				CLANG_WARN_OBJC_IMPLICIT_RETAIN_SELF = YES;
				CLANG_WARN_OBJC_LITERAL_CONVERSION = YES;
				CLANG_WARN_OBJC_ROOT_CLASS = YES_ERROR;
				CLANG_WARN_QUOTED_INCLUDE_IN_FRAMEWORK_HEADER = YES;
				CLANG_WARN_RANGE_LOOP_ANALYSIS = YES;
				CLANG_WARN_STRICT_PROTOTYPES = YES;
				CLANG_WARN_SUSPICIOUS_MOVE = YES;
				CLANG_WARN_UNGUARDED_AVAILABILITY = YES_AGGRESSIVE;
				CLANG_WARN_UNREACHABLE_CODE = YES;
				CLANG_WARN__DUPLICATE_METHOD_MATCH = YES;
				COPY_PHASE_STRIP = NO;
				DEBUG_INFORMATION_FORMAT = dwarf;
				ENABLE_STRICT_OBJC_MSGSEND = YES;
				ENABLE_TESTABILITY = YES;
				ENABLE_USER_SCRIPT_SANDBOXING = YES;
				GCC_C_LANGUAGE_STANDARD = gnu17;
				GCC_DYNAMIC_NO_PIC = NO;
				GCC_NO_COMMON_BLOCKS = YES;
				GCC_OPTIMIZATION_LEVEL = 0;
				GCC_PREPROCESSOR_DEFINITIONS = (
					"DEBUG=1",
					"$(inherited)",
				);
				GCC_WARN_64_TO_32_BIT_CONVERSION = YES;
				GCC_WARN_ABOUT_RETURN_TYPE = YES_ERROR;
				GCC_WARN_UNDECLARED_SELECTOR = YES;
				GCC_WARN_UNINITIALIZED_AUTOS = YES_AGGRESSIVE;
				GCC_WARN_UNUSED_FUNCTION = YES;
				GCC_WARN_UNUSED_VARIABLE = YES;
				LOCALIZATION_PREFERS_STRING_CATALOGS = YES;
				MTL_ENABLE_DEBUG_INFO = INCLUDE_SOURCE;
				MTL_FAST_MATH = YES;
				ONLY_ACTIVE_ARCH = YES;
				SWIFT_ACTIVE_COMPILATION_CONDITIONS = "DEBUG $(inherited)";
				SWIFT_EMIT_LOC_STRINGS = YES;
				SWIFT_OPTIMIZATION_LEVEL = "-Onone";
			};
			name = Debug;
		};
		7C7A6FD12DEEDE2300127AEC /* Release */ = {
			isa = XCBuildConfiguration;
			buildSettings = {
				ALWAYS_SEARCH_USER_PATHS = NO;
				ASSETCATALOG_COMPILER_GENERATE_SWIFT_ASSET_SYMBOL_EXTENSIONS = YES;
				CLANG_ANALYZER_NONNULL = YES;
				CLANG_ANALYZER_NUMBER_OBJECT_CONVERSION = YES_AGGRESSIVE;
				CLANG_CXX_LANGUAGE_STANDARD = "gnu++20";
				CLANG_ENABLE_MODULES = YES;
				CLANG_ENABLE_OBJC_ARC = YES;
				CLANG_ENABLE_OBJC_WEAK = YES;
				CLANG_WARN_BLOCK_CAPTURE_AUTORELEASING = YES;
				CLANG_WARN_BOOL_CONVERSION = YES;
				CLANG_WARN_COMMA = YES;
				CLANG_WARN_CONSTANT_CONVERSION = YES;
				CLANG_WARN_DEPRECATED_OBJC_IMPLEMENTATIONS = YES;
				CLANG_WARN_DIRECT_OBJC_ISA_USAGE = YES_ERROR;
				CLANG_WARN_DOCUMENTATION_COMMENTS = YES;
				CLANG_WARN_EMPTY_BODY = YES;
				CLANG_WARN_ENUM_CONVERSION = YES;
				CLANG_WARN_INFINITE_RECURSION = YES;
				CLANG_WARN_INT_CONVERSION = YES;
				CLANG_WARN_NON_LITERAL_NULL_CONVERSION = YES;
				CLANG_WARN_OBJC_IMPLICIT_RETAIN_SELF = YES;
				CLANG_WARN_OBJC_LITERAL_CONVERSION = YES;
				CLANG_WARN_OBJC_ROOT_CLASS = YES_ERROR;
				CLANG_WARN_QUOTED_INCLUDE_IN_FRAMEWORK_HEADER = YES;
				CLANG_WARN_RANGE_LOOP_ANALYSIS = YES;
				CLANG_WARN_STRICT_PROTOTYPES = YES;
				CLANG_WARN_SUSPICIOUS_MOVE = YES;
				CLANG_WARN_UNGUARDED_AVAILABILITY = YES_AGGRESSIVE;
				CLANG_WARN_UNREACHABLE_CODE = YES;
				CLANG_WARN__DUPLICATE_METHOD_MATCH = YES;
				COPY_PHASE_STRIP = NO;
				DEBUG_INFORMATION_FORMAT = "dwarf-with-dsym";
				ENABLE_NS_ASSERTIONS = NO;
				ENABLE_STRICT_OBJC_MSGSEND = YES;
				ENABLE_USER_SCRIPT_SANDBOXING = YES;
				GCC_C_LANGUAGE_STANDARD = gnu17;
				GCC_NO_COMMON_BLOCKS = YES;
				GCC_WARN_64_TO_32_BIT_CONVERSION = YES;
				GCC_WARN_ABOUT_RETURN_TYPE = YES_ERROR;
				GCC_WARN_UNDECLARED_SELECTOR = YES;
				GCC_WARN_UNINITIALIZED_AUTOS = YES_AGGRESSIVE;
				GCC_WARN_UNUSED_FUNCTION = YES;
				GCC_WARN_UNUSED_VARIABLE = YES;
				LOCALIZATION_PREFERS_STRING_CATALOGS = YES;
				MTL_ENABLE_DEBUG_INFO = NO;
				MTL_FAST_MATH = YES;
				SWIFT_COMPILATION_MODE = wholemodule;
				SWIFT_EMIT_LOC_STRINGS = YES;
			};
			name = Release;
		};
		7C7A6FD32DEEDE2300127AEC /* Debug */ = {
			isa = XCBuildConfiguration;
			buildSettings = {
				ASSETCATALOG_COMPILER_APPICON_NAME = AppIcon;
				ASSETCATALOG_COMPILER_GLOBAL_ACCENT_COLOR_NAME = AccentColor;
				CODE_SIGN_IDENTITY = "Apple Development: MANDY AGNES (D3BA336876)";
				CODE_SIGN_STYLE = Manual;
				CURRENT_PROJECT_VERSION = 2;
				DEVELOPMENT_TEAM = "";
				"DEVELOPMENT_TEAM[sdk=iphoneos*]" = QNJ4LT2U46;
				ENABLE_PREVIEWS = YES;
				GENERATE_INFOPLIST_FILE = YES;
				INFOPLIST_FILE = "Invoice maker/App/Resources/Plists/Info.plist";
				INFOPLIST_KEY_CFBundleDisplayName = "Invoice Maker";
				INFOPLIST_KEY_ITSAppUsesNonExemptEncryption = NO;
				"INFOPLIST_KEY_UIApplicationSceneManifest_Generation[sdk=iphoneos*]" = YES;
				"INFOPLIST_KEY_UIApplicationSceneManifest_Generation[sdk=iphonesimulator*]" = YES;
				"INFOPLIST_KEY_UIApplicationSupportsIndirectInputEvents[sdk=iphoneos*]" = YES;
				"INFOPLIST_KEY_UIApplicationSupportsIndirectInputEvents[sdk=iphonesimulator*]" = YES;
				"INFOPLIST_KEY_UILaunchScreen_Generation[sdk=iphoneos*]" = YES;
				"INFOPLIST_KEY_UILaunchScreen_Generation[sdk=iphonesimulator*]" = YES;
				"INFOPLIST_KEY_UIStatusBarStyle[sdk=iphoneos*]" = UIStatusBarStyleDefault;
				"INFOPLIST_KEY_UIStatusBarStyle[sdk=iphonesimulator*]" = UIStatusBarStyleDefault;
				INFOPLIST_KEY_UISupportedInterfaceOrientations = UIInterfaceOrientationPortrait;
				INFOPLIST_KEY_UISupportedInterfaceOrientations_iPad = "UIInterfaceOrientationLandscapeLeft UIInterfaceOrientationLandscapeRight UIInterfaceOrientationPortrait UIInterfaceOrientationPortraitUpsideDown";
				IPHONEOS_DEPLOYMENT_TARGET = 16.0;
				LD_RUNPATH_SEARCH_PATHS = "@executable_path/Frameworks";
				"LD_RUNPATH_SEARCH_PATHS[sdk=macosx*]" = "@executable_path/../Frameworks";
				MACOSX_DEPLOYMENT_TARGET = 15.4;
				MARKETING_VERSION = 1.0.0;
				PRODUCT_BUNDLE_IDENTIFIER = com.make.your.invoice;
				PRODUCT_NAME = "$(TARGET_NAME)";
				PROVISIONING_PROFILE_SPECIFIER = "";
				"PROVISIONING_PROFILE_SPECIFIER[sdk=iphoneos*]" = development;
				REGISTER_APP_GROUPS = YES;
				SDKROOT = auto;
				SUPPORTED_PLATFORMS = "iphoneos iphonesimulator";
				SUPPORTS_MACCATALYST = NO;
				SWIFT_EMIT_LOC_STRINGS = YES;
				SWIFT_VERSION = 5.0;
				TARGETED_DEVICE_FAMILY = 1;
				XROS_DEPLOYMENT_TARGET = 2.4;
			};
			name = Debug;
		};
		7C7A6FD42DEEDE2300127AEC /* Release */ = {
			isa = XCBuildConfiguration;
			buildSettings = {
				ASSETCATALOG_COMPILER_APPICON_NAME = AppIcon;
				ASSETCATALOG_COMPILER_GLOBAL_ACCENT_COLOR_NAME = AccentColor;
				CODE_SIGN_IDENTITY = "Apple Distribution: MANDY AGNES (QNJ4LT2U46)";
				CODE_SIGN_STYLE = Manual;
				CURRENT_PROJECT_VERSION = 2;
				DEVELOPMENT_TEAM = "";
				"DEVELOPMENT_TEAM[sdk=iphoneos*]" = QNJ4LT2U46;
				ENABLE_PREVIEWS = YES;
				GENERATE_INFOPLIST_FILE = YES;
				INFOPLIST_FILE = "Invoice maker/App/Resources/Plists/Info.plist";
				INFOPLIST_KEY_CFBundleDisplayName = "Invoice Maker";
				INFOPLIST_KEY_ITSAppUsesNonExemptEncryption = NO;
				"INFOPLIST_KEY_UIApplicationSceneManifest_Generation[sdk=iphoneos*]" = YES;
				"INFOPLIST_KEY_UIApplicationSceneManifest_Generation[sdk=iphonesimulator*]" = YES;
				"INFOPLIST_KEY_UIApplicationSupportsIndirectInputEvents[sdk=iphoneos*]" = YES;
				"INFOPLIST_KEY_UIApplicationSupportsIndirectInputEvents[sdk=iphonesimulator*]" = YES;
				"INFOPLIST_KEY_UILaunchScreen_Generation[sdk=iphoneos*]" = YES;
				"INFOPLIST_KEY_UILaunchScreen_Generation[sdk=iphonesimulator*]" = YES;
				"INFOPLIST_KEY_UIStatusBarStyle[sdk=iphoneos*]" = UIStatusBarStyleDefault;
				"INFOPLIST_KEY_UIStatusBarStyle[sdk=iphonesimulator*]" = UIStatusBarStyleDefault;
				INFOPLIST_KEY_UISupportedInterfaceOrientations = UIInterfaceOrientationPortrait;
				INFOPLIST_KEY_UISupportedInterfaceOrientations_iPad = "UIInterfaceOrientationLandscapeLeft UIInterfaceOrientationLandscapeRight UIInterfaceOrientationPortrait UIInterfaceOrientationPortraitUpsideDown";
				IPHONEOS_DEPLOYMENT_TARGET = 16.0;
				LD_RUNPATH_SEARCH_PATHS = "@executable_path/Frameworks";
				"LD_RUNPATH_SEARCH_PATHS[sdk=macosx*]" = "@executable_path/../Frameworks";
				MACOSX_DEPLOYMENT_TARGET = 15.4;
				MARKETING_VERSION = 1.0.0;
				PRODUCT_BUNDLE_IDENTIFIER = com.make.your.invoice;
				PRODUCT_NAME = "$(TARGET_NAME)";
				PROVISIONING_PROFILE_SPECIFIER = "";
				"PROVISIONING_PROFILE_SPECIFIER[sdk=iphoneos*]" = distribution;
				REGISTER_APP_GROUPS = YES;
				SDKROOT = auto;
				SUPPORTED_PLATFORMS = "iphoneos iphonesimulator";
				SUPPORTS_MACCATALYST = NO;
				SWIFT_EMIT_LOC_STRINGS = YES;
				SWIFT_VERSION = 5.0;
				TARGETED_DEVICE_FAMILY = 1;
				XROS_DEPLOYMENT_TARGET = 2.4;
			};
			name = Release;
		};
/* End XCBuildConfiguration section */

/* Begin XCConfigurationList section */
		7C7A6FC12DEEDE2200127AEC /* Build configuration list for PBXProject "Invoice maker" */ = {
			isa = XCConfigurationList;
			buildConfigurations = (
				7C7A6FD02DEEDE2300127AEC /* Debug */,
				7C7A6FD12DEEDE2300127AEC /* Release */,
			);
			defaultConfigurationIsVisible = 0;
			defaultConfigurationName = Release;
		};
		7C7A6FD22DEEDE2300127AEC /* Build configuration list for PBXNativeTarget "Invoice maker" */ = {
			isa = XCConfigurationList;
			buildConfigurations = (
				7C7A6FD32DEEDE2300127AEC /* Debug */,
				7C7A6FD42DEEDE2300127AEC /* Release */,
			);
			defaultConfigurationIsVisible = 0;
			defaultConfigurationName = Release;
		};
/* End XCConfigurationList section */

/* Begin XCRemoteSwiftPackageReference section */
		0A3160572DFE20BF00D3FA9D /* XCRemoteSwiftPackageReference "lottie-ios" */ = {
			isa = XCRemoteSwiftPackageReference;
			repositoryURL = "https://github.com/airbnb/lottie-ios";
			requirement = {
				kind = upToNextMajorVersion;
				minimumVersion = 4.5.2;
			};
		};
		7C672E602E0183CB00A0F37C /* XCRemoteSwiftPackageReference "TOCropViewController" */ = {
			isa = XCRemoteSwiftPackageReference;
			repositoryURL = "https://github.com/TimOliver/TOCropViewController";
			requirement = {
				kind = upToNextMajorVersion;
				minimumVersion = 2.7.4;
			};
		};
		95DFCF082DFAB97B0076D2B2 /* XCRemoteSwiftPackageReference "Reachability" */ = {
			isa = XCRemoteSwiftPackageReference;
			repositoryURL = "https://github.com/ashleymills/Reachability.swift";
			requirement = {
				branch = master;
				kind = branch;
			};
		};
		95DFCF0B2DFAB9880076D2B2 /* XCRemoteSwiftPackageReference "KeychainAccess" */ = {
			isa = XCRemoteSwiftPackageReference;
			repositoryURL = "https://github.com/kishikawakatsumi/KeychainAccess?tab=readme-ov-file";
			requirement = {
				branch = master;
				kind = branch;
			};
		};
		95DFCF0E2DFAB9D40076D2B2 /* XCRemoteSwiftPackageReference "AdaptySDK-iOS" */ = {
			isa = XCRemoteSwiftPackageReference;
			repositoryURL = "https://github.com/adaptyteam/AdaptySDK-iOS";
			requirement = {
				kind = upToNextMajorVersion;
				minimumVersion = 3.8.0;
			};
		};
		95DFCF112DFABA150076D2B2 /* XCRemoteSwiftPackageReference "firebase-ios-sdk" */ = {
			isa = XCRemoteSwiftPackageReference;
			repositoryURL = "https://github.com/firebase/firebase-ios-sdk.git";
			requirement = {
				kind = upToNextMajorVersion;
				minimumVersion = 11.14.0;
			};
		};
/* End XCRemoteSwiftPackageReference section */

/* Begin XCSwiftPackageProductDependency section */
		0A3160582DFE20BF00D3FA9D /* Lottie */ = {
			isa = XCSwiftPackageProductDependency;
			package = 0A3160572DFE20BF00D3FA9D /* XCRemoteSwiftPackageReference "lottie-ios" */;
			productName = Lottie;
		};
		7C672E612E0183CB00A0F37C /* CropViewController */ = {
			isa = XCSwiftPackageProductDependency;
			package = 7C672E602E0183CB00A0F37C /* XCRemoteSwiftPackageReference "TOCropViewController" */;
			productName = CropViewController;
		};
		7C672E632E0183CB00A0F37C /* TOCropViewController */ = {
			isa = XCSwiftPackageProductDependency;
			package = 7C672E602E0183CB00A0F37C /* XCRemoteSwiftPackageReference "TOCropViewController" */;
			productName = TOCropViewController;
		};
		95DFCF092DFAB97B0076D2B2 /* Reachability */ = {
			isa = XCSwiftPackageProductDependency;
			package = 95DFCF082DFAB97B0076D2B2 /* XCRemoteSwiftPackageReference "Reachability" */;
			productName = Reachability;
		};
		95DFCF0C2DFAB9880076D2B2 /* KeychainAccess */ = {
			isa = XCSwiftPackageProductDependency;
			package = 95DFCF0B2DFAB9880076D2B2 /* XCRemoteSwiftPackageReference "KeychainAccess" */;
			productName = KeychainAccess;
		};
		95DFCF0F2DFAB9D40076D2B2 /* Adapty */ = {
			isa = XCSwiftPackageProductDependency;
			package = 95DFCF0E2DFAB9D40076D2B2 /* XCRemoteSwiftPackageReference "AdaptySDK-iOS" */;
			productName = Adapty;
		};
		95DFCF122DFABA150076D2B2 /* FirebaseCore */ = {
			isa = XCSwiftPackageProductDependency;
			package = 95DFCF112DFABA150076D2B2 /* XCRemoteSwiftPackageReference "firebase-ios-sdk" */;
			productName = FirebaseCore;
		};
		95DFCF142DFABA150076D2B2 /* FirebaseRemoteConfig */ = {
			isa = XCSwiftPackageProductDependency;
			package = 95DFCF112DFABA150076D2B2 /* XCRemoteSwiftPackageReference "firebase-ios-sdk" */;
			productName = FirebaseRemoteConfig;
		};
/* End XCSwiftPackageProductDependency section */
	};
	rootObject = 7C7A6FBE2DEEDE2200127AEC /* Project object */;
}
